schema: '2.0'
stages:
  union_tsv_files:
    cmd: python -m src.utils.union_tsv_files --paths data/entity_relation_extraction_multilingual/pl_corpora_test.tsv
      data/entity_relation_extraction_multilingual/pl_corpora_train.tsv --output_tsv
      data/edc_baseline/corpora.tsv
    deps:
    - path: data/entity_relation_extraction_multilingual/pl_corpora_test.tsv
      hash: md5
      md5: 33ebd7806442a008de570530bf022ce3
      size: 64062
    - path: data/entity_relation_extraction_multilingual/pl_corpora_train.tsv
      hash: md5
      md5: 9b2c3a6b0da42596a72c87f7c0c0b001
      size: 3151290
    - path: src/utils/union_tsv_files.py
      hash: md5
      md5: 4a8118fd9f8f8627acccabd83d28eff8
      size: 779
    outs:
    - path: data/edc_baseline/corpora.tsv
      hash: md5
      md5: c7b8b435f9abd99d96a23a06337dd0f3
      size: 3198138
  precheck_corpora:
    cmd: python -m src.edc_baseline.precheck_corpora --tsv_path data/edc_baseline/corpora.tsv
      --output_path data/edc_baseline/corpora_cleaned.tsv --verbose
    deps:
    - path: data/edc_baseline/corpora.tsv
      hash: md5
      md5: c7b8b435f9abd99d96a23a06337dd0f3
      size: 3198138
    - path: src/edc_baseline/precheck_corpora.py
      hash: md5
      md5: 5f1b42360c0aff4823a9ff4501652aea
      size: 1008
    outs:
    - path: data/edc_baseline/corpora_cleaned.tsv
      hash: md5
      md5: 926d71bf43e26261ae0bf99d59ef32b7
      size: 3197757
  create_dataset_file:
    cmd: python -m src.edc_baseline.create_dataset_file --tsv_path data/edc_baseline/corpora_cleaned.tsv
      --output_path data/edc_baseline/dataset.txt --verbose --reference_output_path
      data/edc_baseline/reference.txt --subsample_size 1.0 --subsample_seed 11
    deps:
    - path: data/edc_baseline/corpora_cleaned.tsv
      hash: md5
      md5: 926d71bf43e26261ae0bf99d59ef32b7
      size: 3197757
    - path: src/edc_baseline/create_dataset_file.py
      hash: md5
      md5: ad2fe677bb1cb1aa9ca37aac2af78b1b
      size: 2607
    - path: src/edc_baseline/create_reference_file.py
      hash: md5
      md5: b86836aa557bfd91b3203c3b31d94e98
      size: 2609
    params:
      pipelines/edc_baseline/params.yaml:
        dataset_subsample_seed: 11
        dataset_subsample_size: 1.0
    outs:
    - path: data/edc_baseline/dataset.txt
      hash: md5
      md5: 9036c0b37a9fbce80d668b7d7fb9d76e
      size: 2146204
    - path: data/edc_baseline/reference.txt
      hash: md5
      md5: 9a05285d8aff08248e8565d82842ae06
      size: 804268
  create_fewshot_examples:
    cmd: python -m src.edc_baseline.create_fewshot_examples --dataset_path data/edc_baseline/dataset.txt
      --schema_path data/edc_baseline/schema.csv --reference_path data/edc_baseline/reference.txt
      --oie_fewshot_output_path data/edc_baseline/oie_few_shot_examples.txt --sd_fewshot_output_path
      data/edc_baseline/sd_few_shot_examples.txt --random_state 11 --sample_size 6
    deps:
    - path: data/edc_baseline/dataset.txt
      hash: md5
      md5: 9036c0b37a9fbce80d668b7d7fb9d76e
      size: 2146204
    - path: data/edc_baseline/reference.txt
      hash: md5
      md5: 9a05285d8aff08248e8565d82842ae06
      size: 804268
    - path: data/edc_baseline/schema.csv
      hash: md5
      md5: 2f3feedb09ff3d6ed1f97df88f748b1f
      size: 1569
    - path: src/edc_baseline/create_fewshot_examples.py
      hash: md5
      md5: 4fe4a871fcb372ac369e81713413deac
      size: 2746
    params:
      pipelines/edc_baseline/params.yaml:
        random_state: 11
        sample_size: 6
    outs:
    - path: data/edc_baseline/oie_few_shot_examples.txt
      hash: md5
      md5: 4bdef24374cdb27448fee60e3816b084
      size: 1076
    - path: data/edc_baseline/sd_few_shot_examples.txt
      hash: md5
      md5: 94de9fd19082bc226b6cfc28f0b8b53f
      size: 1750
  extract_relations:
    cmd: papermill --log-output --stdout-file notebooks/extract_relations/local_papermill_logs.txt
      --log-level INFO --parameters DEBUG 1 notebooks/extract_relations/langgraph_extract_relations.ipynb
      notebooks/extract_relations/langgraph_extract_relations_output.ipynb
    deps:
    - path: data/edc_baseline/dataset.txt
      hash: md5
      md5: 9036c0b37a9fbce80d668b7d7fb9d76e
      size: 2146204
    - path: data/edc_baseline/schema.csv
      hash: md5
      md5: 2f3feedb09ff3d6ed1f97df88f748b1f
      size: 1569
    - path: notebooks/extract_relations/langgraph_extract_relations.ipynb
      hash: md5
      md5: 34277e9d829155890ac3ddf4579dddfa
      size: 81622
    - path: src/extractors/extractor.py
      hash: md5
      md5: e4c6091fa684023f6442d7e5825c8688
      size: 5818
    - path: src/polish_kg_langchain/ConfigSchema.py
      hash: md5
      md5: a78d3efe3ec728a490653aad7c5e3c82
      size: 394
    - path: src/polish_kg_langchain/Graph.py
      hash: md5
      md5: cfa8d9d45a20bedd19fff3bb123af2ab
      size: 1924
    - path: src/polish_kg_langchain/InstructionStripper.py
      hash: md5
      md5: 562b034dde4ba66226efc410700c09ec
      size: 1006
    - path: src/polish_kg_langchain/State.py
      hash: md5
      md5: 45102d3712dca91d8cdee67072e6ed34
      size: 435
    - path: src/polish_kg_langchain/__init__.py
      hash: md5
      md5: 70a8bfa093cc0a0e3d69bf6522238958
      size: 318
    - path: src/polish_kg_langchain/create_chat_huggingface.py
      hash: md5
      md5: dfc2f35c32fdb9a56aefb4809d28cb61
      size: 902
    - path: src/polish_kg_langchain/nodes/__init__.py
      hash: md5
      md5: ee4aad1177cbdf0e2f571442a4e7935a
      size: 638
    - path: src/polish_kg_langchain/nodes/correct_triple.py
      hash: md5
      md5: ce5f7a76717f21ba9a2bf0a02dc4bd07
      size: 1229
    - path: src/polish_kg_langchain/nodes/extract_triple.py
      hash: md5
      md5: 887b41f30e4d5ae029fb82bb9bdb3369
      size: 1474
    - path: src/polish_kg_langchain/nodes/extract_triple_bielik.py
      hash: md5
      md5: 4d33afaa88d46d7e02cb07c4fe4de560
      size: 891
    - path: src/polish_kg_langchain/nodes/noop.py
      hash: md5
      md5: 8dd763439a222c4655382673f7c16b9c
      size: 209
    - path: src/polish_kg_langchain/nodes/print_value.py
      hash: md5
      md5: 2ccf0b7c274ea58fdd1bbf68f245c2fb
      size: 169
    - path: src/polish_kg_langchain/nodes/validate_did_format_correctly.py
      hash: md5
      md5: b876b8a68843e1459e2ed711c93ead16
      size: 2170
    - path: src/polish_kg_langchain/nodes/validate_did_refuse_to_answer.py
      hash: md5
      md5: fe2e1d047d00ef76da57addb11399818
      size: 2216
    params:
      pipelines/edc_baseline/params.yaml:
        debug_llm: 1
    outs:
    - path: data/edc_baseline/errors.json
      hash: md5
      md5: d858800f234bec316774b06848e6ed88
      size: 18
    - path: data/edc_baseline/extracted_relations.json
      hash: md5
      md5: 4c207d02ad85cfc781b3ce4c5fe0a0d6
      size: 839
    - path: data/edc_baseline/graph_states.pkl
      hash: md5
      md5: 933f897a2295ec80385ae4db43afce6e
      size: 2926
    - path: notebooks/extract_relations/langgraph_extract_relations_output.ipynb
      hash: md5
      md5: 681ac6bd2c9a8d814206b7e6ee329a60
      size: 108062
    - path: notebooks/extract_relations/local_papermill_logs.txt
      hash: md5
      md5: 804b3234145ab6c0df5e2dada0e6b9a1
      size: 3635
  prepare_for_evaluation:
    cmd: python -m src.evaluation.parsing --extracted_relations_json data/edc_baseline/extracted_relations.json
      --output_refs_xml data/edc_baseline/refs.xml --output_cands_xml data/edc_baseline/cands.xml
      --reference_txt data/edc_baseline/reference.txt --DEBUG 1
    deps:
    - path: data/edc_baseline/extracted_relations.json
      hash: md5
      md5: 4c207d02ad85cfc781b3ce4c5fe0a0d6
      size: 839
    - path: data/edc_baseline/reference.txt
      hash: md5
      md5: 9a05285d8aff08248e8565d82842ae06
      size: 804268
    - path: src/evaluation/parsing.py
      hash: md5
      md5: 2c88dfc1ce2cacd9646f81275612600c
      size: 3421
    - path: src/evaluation/regex_matching.py
      hash: md5
      md5: b5c65fd8049ee7d750713e92b7076f74
      size: 3646
    params:
      pipelines/edc_baseline/params.yaml:
        debug_llm: 1
    outs:
    - path: data/edc_baseline/cands.xml
      hash: md5
      md5: 5a7739a6c15c6ddb3e8ec1daa2ca04ba
      size: 2601
    - path: data/edc_baseline/refs.xml
      hash: md5
      md5: 49d3ad40f8ed9ed64df3a02056c5ad8f
      size: 5555
  evaluate:
    cmd: python src/evaluation/Evaluation_script_json.py data/edc_baseline/refs.xml
      data/edc_baseline/cands.xml data/edc_baseline/evaluation_results.json data/edc_baseline/evaluation_results_per_line.json
    deps:
    - path: data/edc_baseline/cands.xml
      hash: md5
      md5: 5a7739a6c15c6ddb3e8ec1daa2ca04ba
      size: 2601
    - path: data/edc_baseline/refs.xml
      hash: md5
      md5: 49d3ad40f8ed9ed64df3a02056c5ad8f
      size: 5555
    - path: src/evaluation/Evaluation_script_json.py
      hash: md5
      md5: 70d14b034550e03caf153aa0866fa9a7
      size: 50668
    outs:
    - path: data/edc_baseline/evaluation_results.json
      hash: md5
      md5: 48fd3f94a5911fde89086e11337add7e
      size: 3117
    - path: data/edc_baseline/evaluation_results_per_line.json
      hash: md5
      md5: 2de719a7eeb12ca1b12609c5d3382708
      size: 38193
  generate_report:
    cmd: papermill --parameters model_name PLLUMGraph notebooks/reports/report_vanilla_relation_extraction.ipynb
      notebooks/reports/report_vanilla_relation_extraction_output.ipynb
    deps:
    - path: data/edc_baseline/cands.xml
      hash: md5
      md5: 5a7739a6c15c6ddb3e8ec1daa2ca04ba
      size: 2601
    - path: data/edc_baseline/evaluation_results.json
      hash: md5
      md5: 48fd3f94a5911fde89086e11337add7e
      size: 3117
    - path: data/edc_baseline/evaluation_results_per_line.json
      hash: md5
      md5: 2de719a7eeb12ca1b12609c5d3382708
      size: 38193
    - path: data/edc_baseline/refs.xml
      hash: md5
      md5: 49d3ad40f8ed9ed64df3a02056c5ad8f
      size: 5555
    - path: notebooks/reports/report_vanilla_relation_extraction.ipynb
      hash: md5
      md5: 4d731531ae35dc1e32f276204ec5c9af
      size: 76050
    params:
      pipelines/edc_baseline/params.yaml:
        llm: PLLUMGraph
    outs:
    - path: data/edc_baseline/metrics.json
      hash: md5
      md5: 49e5231745c6638ef4aed735ca22bbff
      size: 230
    - path: data/edc_baseline/report_total_f1.png
      hash: md5
      md5: 763bfcb95a6a695a5b415423be25186f
      size: 19345
    - path: data/edc_baseline/report_total_found.png
      hash: md5
      md5: 5373771c6c494c62ae1b951d056e2e7b
      size: 25338
    - path: notebooks/reports/report_vanilla_relation_extraction_output.ipynb
      hash: md5
      md5: a2851f67bcb737ec8b6d0449433f03d3
      size: 97818
