schema: '2.0'
stages:
  explore:
    cmd: papermill notebooks/explore_maupqa/notebook.ipynb notebooks/explore_maupqa/output.ipynb
    deps:
    - path: notebooks/explore_maupqa/notebook.ipynb
      hash: md5
      md5: 630a3fb760046617f0699cf11beaa881
      size: 404173
    outs:
    - path: notebooks/explore_maupqa/artifacts
      hash: md5
      md5: 644f13d5281698f850f89671f9c534e3.dir
      size: 301817
      nfiles: 12
    - path: notebooks/explore_maupqa/output.ipynb
      hash: md5
      md5: e2b315830cc265559b00bc762a484d30
      size: 415551
